
Microsoft Visual Studio Solution File, Format Version 12.00
# Visual Studio Version 17
VisualStudioVersion = 17.2.32526.322
MinimumVisualStudioVersion = 10.0.40219.1
Project("{FAE04EC0-301F-11D3-BF4B-00C04F79EFBC}") = "Foco.API", "Foco.API\Foco.API.csproj", "{1A4FCE61-B592-4578-9CD9-F340C41BF27A}"
EndProject
Global
	GlobalSection(SolutionConfigurationPlatforms) = preSolution
		Debug|Any CPU = Debug|Any CPU
		Release|Any CPU = Release|Any CPU
	EndGlobalSection
	GlobalSection(ProjectConfigurationPlatforms) = postSolution
		{1A4FCE61-B592-4578-9CD9-F340C41BF27A}.Debug|Any CPU.ActiveCfg = Debug|Any CPU
		{1A4FCE61-B592-4578-9CD9-F340C41BF27A}.Debug|Any CPU.Build.0 = Debug|Any CPU
		{1A4FCE61-B592-4578-9CD9-F340C41BF27A}.Release|Any CPU.ActiveCfg = Release|Any CPU
		{1A4FCE61-B592-4578-9CD9-F340C41BF27A}.Release|Any CPU.Build.0 = Release|Any CPU
	EndGlobalSection
	GlobalSection(SolutionProperties) = preSolution
		HideSolutionNode = FALSE
	EndGlobalSection
	GlobalSection(ExtensibilityGlobals) = postSolution
		SolutionGuid = {33C7C8A1-364A-4D54-A76D-55C16EE61B91}
	EndGlobalSection
EndGlobal
